// !$*UTF8*$!
{
	archiveVersion = 1;
	classes = {
	};
	objectVersion = 77;
	objects = {

/* Begin PBXBuildFile section */
		759C382F2D9ED14F0054CBE8 /* SwiftESI in Frameworks */ = {isa = PBXBuildFile; productRef = 759C382E2D9ED14F0054CBE8 /* SwiftESI */; };
/* End PBXBuildFile section */

/* Begin PBXContainerItemProxy section */
		759C37EA2D9E75860054CBE8 /* PBXContainerItemProxy */ = {
			isa = PBXContainerItemProxy;
			containerPortal = 759C37CE2D9E75840054CBE8 /* Project object */;
			proxyType = 1;
			remoteGlobalIDString = 759C37D52D9E75840054CBE8;
			remoteInfo = KiwiFitting;
		};
		759C37F42D9E75860054CBE8 /* PBXContainerItemProxy */ = {
			isa = PBXContainerItemProxy;
			containerPortal = 759C37CE2D9E75840054CBE8 /* Project object */;
			proxyType = 1;
			remoteGlobalIDString = 759C37D52D9E75840054CBE8;
			remoteInfo = KiwiFitting;
		};
/* End PBXContainerItemProxy section */

/* Begin PBXFileReference section */
		759C37D62D9E75840054CBE8 /* KiwiFitting.app */ = {isa = PBXFileReference; explicitFileType = wrapper.application; includeInIndex = 0; path = KiwiFitting.app; sourceTree = BUILT_PRODUCTS_DIR; };
		759C37E92D9E75860054CBE8 /* KiwiFittingTests.xctest */ = {isa = PBXFileReference; explicitFileType = wrapper.cfbundle; includeInIndex = 0; path = KiwiFittingTests.xctest; sourceTree = BUILT_PRODUCTS_DIR; };
		759C37F32D9E75860054CBE8 /* KiwiFittingUITests.xctest */ = {isa = PBXFileReference; explicitFileType = wrapper.cfbundle; includeInIndex = 0; path = KiwiFittingUITests.xctest; sourceTree = BUILT_PRODUCTS_DIR; };
/* End PBXFileReference section */

/* Begin PBXFileSystemSynchronizedRootGroup section */
		759C37D82D9E75840054CBE8 /* KiwiFitting */ = {
			isa = PBXFileSystemSynchronizedRootGroup;
			path = KiwiFitting;
			sourceTree = "<group>";
		};
		759C37EC2D9E75860054CBE8 /* KiwiFittingTests */ = {
			isa = PBXFileSystemSynchronizedRootGroup;
			path = KiwiFittingTests;
			sourceTree = "<group>";
		};
		759C37F62D9E75860054CBE8 /* KiwiFittingUITests */ = {
			isa = PBXFileSystemSynchronizedRootGroup;
			path = KiwiFittingUITests;
			sourceTree = "<group>";
		};
/* End PBXFileSystemSynchronizedRootGroup section */

/* Begin PBXFrameworksBuildPhase section */
		759C37D32D9E75840054CBE8 /* Frameworks */ = {
			isa = PBXFrameworksBuildPhase;
			buildActionMask = 2147483647;
			files = (
				759C382F2D9ED14F0054CBE8 /* SwiftESI in Frameworks */,
			);
			runOnlyForDeploymentPostprocessing = 0;
		};
		759C37E62D9E75860054CBE8 /* Frameworks */ = {
			isa = PBXFrameworksBuildPhase;
			buildActionMask = 2147483647;
			files = (
			);
			runOnlyForDeploymentPostprocessing = 0;
		};
		759C37F02D9E75860054CBE8 /* Frameworks */ = {
			isa = PBXFrameworksBuildPhase;
			buildActionMask = 2147483647;
			files = (
			);
			runOnlyForDeploymentPostprocessing = 0;
		};
/* End PBXFrameworksBuildPhase section */

/* Begin PBXGroup section */
		759C37CD2D9E75840054CBE8 = {
			isa = PBXGroup;
			children = (
				759C37D82D9E75840054CBE8 /* KiwiFitting */,
				759C37EC2D9E75860054CBE8 /* KiwiFittingTests */,
				759C37F62D9E75860054CBE8 /* KiwiFittingUITests */,
				759C37D72D9E75840054CBE8 /* Products */,
			);
			sourceTree = "<group>";
		};
		759C37D72D9E75840054CBE8 /* Products */ = {
			isa = PBXGroup;
			children = (
				759C37D62D9E75840054CBE8 /* KiwiFitting.app */,
				759C37E92D9E75860054CBE8 /* KiwiFittingTests.xctest */,
				759C37F32D9E75860054CBE8 /* KiwiFittingUITests.xctest */,
			);
			name = Products;
			sourceTree = "<group>";
		};
/* End PBXGroup section */

/* Begin PBXNativeTarget section */
		759C37D52D9E75840054CBE8 /* KiwiFitting */ = {
			isa = PBXNativeTarget;
			buildConfigurationList = 759C37FD2D9E75860054CBE8 /* Build configuration list for PBXNativeTarget "KiwiFitting" */;
			buildPhases = (
				759C37D22D9E75840054CBE8 /* Sources */,
				759C37D32D9E75840054CBE8 /* Frameworks */,
				759C37D42D9E75840054CBE8 /* Resources */,
			);
			buildRules = (
			);
			dependencies = (
			);
			fileSystemSynchronizedGroups = (
				759C37D82D9E75840054CBE8 /* KiwiFitting */,
			);
			name = KiwiFitting;
			packageProductDependencies = (
				759C382E2D9ED14F0054CBE8 /* SwiftESI */,
			);
			productName = KiwiFitting;
			productReference = 759C37D62D9E75840054CBE8 /* KiwiFitting.app */;
			productType = "com.apple.product-type.application";
		};
		759C37E82D9E75860054CBE8 /* KiwiFittingTests */ = {
			isa = PBXNativeTarget;
			buildConfigurationList = 759C38002D9E75860054CBE8 /* Build configuration list for PBXNativeTarget "KiwiFittingTests" */;
			buildPhases = (
				759C37E52D9E75860054CBE8 /* Sources */,
				759C37E62D9E75860054CBE8 /* Frameworks */,
				759C37E72D9E75860054CBE8 /* Resources */,
			);
			buildRules = (
			);
			dependencies = (
				759C37EB2D9E75860054CBE8 /* PBXTargetDependency */,
			);
			fileSystemSynchronizedGroups = (
				759C37EC2D9E75860054CBE8 /* KiwiFittingTests */,
			);
			name = KiwiFittingTests;
			packageProductDependencies = (
			);
			productName = KiwiFittingTests;
			productReference = 759C37E92D9E75860054CBE8 /* KiwiFittingTests.xctest */;
			productType = "com.apple.product-type.bundle.unit-test";
		};
		759C37F22D9E75860054CBE8 /* KiwiFittingUITests */ = {
			isa = PBXNativeTarget;
			buildConfigurationList = 759C38032D9E75860054CBE8 /* Build configuration list for PBXNativeTarget "KiwiFittingUITests" */;
			buildPhases = (
				759C37EF2D9E75860054CBE8 /* Sources */,
				759C37F02D9E75860054CBE8 /* Frameworks */,
				759C37F12D9E75860054CBE8 /* Resources */,
			);
			buildRules = (
			);
			dependencies = (
				759C37F52D9E75860054CBE8 /* PBXTargetDependency */,
			);
			fileSystemSynchronizedGroups = (
				759C37F62D9E75860054CBE8 /* KiwiFittingUITests */,
			);
			name = KiwiFittingUITests;
			packageProductDependencies = (
			);
			productName = KiwiFittingUITests;
			productReference = 759C37F32D9E75860054CBE8 /* KiwiFittingUITests.xctest */;
			productType = "com.apple.product-type.bundle.ui-testing";
		};
/* End PBXNativeTarget section */

/* Begin PBXProject section */
		759C37CE2D9E75840054CBE8 /* Project object */ = {
			isa = PBXProject;
			attributes = {
				BuildIndependentTargetsInParallel = 1;
				LastSwiftUpdateCheck = 1620;
				LastUpgradeCheck = 1620;
				TargetAttributes = {
					759C37D52D9E75840054CBE8 = {
						CreatedOnToolsVersion = 16.2;
					};
					759C37E82D9E75860054CBE8 = {
						CreatedOnToolsVersion = 16.2;
						TestTargetID = 759C37D52D9E75840054CBE8;
					};
					759C37F22D9E75860054CBE8 = {
						CreatedOnToolsVersion = 16.2;
						TestTargetID = 759C37D52D9E75840054CBE8;
					};
				};
			};
			buildConfigurationList = 759C37D12D9E75840054CBE8 /* Build configuration list for PBXProject "KiwiFitting" */;
			developmentRegion = en;
			hasScannedForEncodings = 0;
			knownRegions = (
				en,
				Base,
			);
			mainGroup = 759C37CD2D9E75840054CBE8;
			minimizedProjectReferenceProxies = 1;
			packageReferences = (
				759C382D2D9ED14F0054CBE8 /* XCLocalSwiftPackageReference "../SwiftESI" */,
			);
			preferredProjectObjectVersion = 77;
			productRefGroup = 759C37D72D9E75840054CBE8 /* Products */;
			projectDirPath = "";
			projectRoot = "";
			targets = (
				759C37D52D9E75840054CBE8 /* KiwiFitting */,
				759C37E82D9E75860054CBE8 /* KiwiFittingTests */,
				759C37F22D9E75860054CBE8 /* KiwiFittingUITests */,
			);
		};
/* End PBXProject section */

/* Begin PBXResourcesBuildPhase section */
		759C37D42D9E75840054CBE8 /* Resources */ = {
			isa = PBXResourcesBuildPhase;
			buildActionMask = 2147483647;
			files = (
			);
			runOnlyForDeploymentPostprocessing = 0;
		};
		759C37E72D9E75860054CBE8 /* Resources */ = {
			isa = PBXResourcesBuildPhase;
			buildActionMask = 2147483647;
			files = (
			);
			runOnlyForDeploymentPostprocessing = 0;
		};
		759C37F12D9E75860054CBE8 /* Resources */ = {
			isa = PBXResourcesBuildPhase;
			buildActionMask = 2147483647;
			files = (
			);
			runOnlyForDeploymentPostprocessing = 0;
		};
/* End PBXResourcesBuildPhase section */

/* Begin PBXSourcesBuildPhase section */
		759C37D22D9E75840054CBE8 /* Sources */ = {
			isa = PBXSourcesBuildPhase;
			buildActionMask = 2147483647;
			files = (
			);
			runOnlyForDeploymentPostprocessing = 0;
		};
		759C37E52D9E75860054CBE8 /* Sources */ = {
			isa = PBXSourcesBuildPhase;
			buildActionMask = 2147483647;
			files = (
			);
			runOnlyForDeploymentPostprocessing = 0;
		};
		759C37EF2D9E75860054CBE8 /* Sources */ = {
			isa = PBXSourcesBuildPhase;
			buildActionMask = 2147483647;
			files = (
			);
			runOnlyForDeploymentPostprocessing = 0;
		};
/* End PBXSourcesBuildPhase section */

/* Begin PBXTargetDependency section */
		759C37EB2D9E75860054CBE8 /* PBXTargetDependency */ = {
			isa = PBXTargetDependency;
			target = 759C37D52D9E75840054CBE8 /* KiwiFitting */;
			targetProxy = 759C37EA2D9E75860054CBE8 /* PBXContainerItemProxy */;
		};
		759C37F52D9E75860054CBE8 /* PBXTargetDependency */ = {
			isa = PBXTargetDependency;
			target = 759C37D52D9E75840054CBE8 /* KiwiFitting */;
			targetProxy = 759C37F42D9E75860054CBE8 /* PBXContainerItemProxy */;
		};
/* End PBXTargetDependency section */

/* Begin XCBuildConfiguration section */
		759C37FB2D9E75860054CBE8 /* Debug */ = {
			isa = XCBuildConfiguration;
			buildSettings = {
				ALWAYS_SEARCH_USER_PATHS = NO;
				ASSETCATALOG_COMPILER_GENERATE_SWIFT_ASSET_SYMBOL_EXTENSIONS = YES;
				CLANG_ANALYZER_NONNULL = YES;
				CLANG_ANALYZER_NUMBER_OBJECT_CONVERSION = YES_AGGRESSIVE;
				CLANG_CXX_LANGUAGE_STANDARD = "gnu++20";
				CLANG_ENABLE_MODULES = YES;
				CLANG_ENABLE_OBJC_ARC = YES;
				CLANG_ENABLE_OBJC_WEAK = YES;
				CLANG_WARN_BLOCK_CAPTURE_AUTORELEASING = YES;
				CLANG_WARN_BOOL_CONVERSION = YES;
				CLANG_WARN_COMMA = YES;
				CLANG_WARN_CONSTANT_CONVERSION = YES;
				CLANG_WARN_DEPRECATED_OBJC_IMPLEMENTATIONS = YES;
				CLANG_WARN_DIRECT_OBJC_ISA_USAGE = YES_ERROR;
				CLANG_WARN_DOCUMENTATION_COMMENTS = YES;
				CLANG_WARN_EMPTY_BODY = YES;
				CLANG_WARN_ENUM_CONVERSION = YES;
				CLANG_WARN_INFINITE_RECURSION = YES;
				CLANG_WARN_INT_CONVERSION = YES;
				CLANG_WARN_NON_LITERAL_NULL_CONVERSION = YES;
				CLANG_WARN_OBJC_IMPLICIT_RETAIN_SELF = YES;
				CLANG_WARN_OBJC_LITERAL_CONVERSION = YES;
				CLANG_WARN_OBJC_ROOT_CLASS = YES_ERROR;
				CLANG_WARN_QUOTED_INCLUDE_IN_FRAMEWORK_HEADER = YES;
				CLANG_WARN_RANGE_LOOP_ANALYSIS = YES;
				CLANG_WARN_STRICT_PROTOTYPES = YES;
				CLANG_WARN_SUSPICIOUS_MOVE = YES;
				CLANG_WARN_UNGUARDED_AVAILABILITY = YES_AGGRESSIVE;
				CLANG_WARN_UNREACHABLE_CODE = YES;
				CLANG_WARN__DUPLICATE_METHOD_MATCH = YES;
				COPY_PHASE_STRIP = NO;
				DEBUG_INFORMATION_FORMAT = dwarf;
				ENABLE_STRICT_OBJC_MSGSEND = YES;
				ENABLE_TESTABILITY = YES;
				ENABLE_USER_SCRIPT_SANDBOXING = YES;
				GCC_C_LANGUAGE_STANDARD = gnu17;
				GCC_DYNAMIC_NO_PIC = NO;
				GCC_NO_COMMON_BLOCKS = YES;
				GCC_OPTIMIZATION_LEVEL = 0;
				GCC_PREPROCESSOR_DEFINITIONS = (
					"DEBUG=1",
					"$(inherited)",
				);
				GCC_WARN_64_TO_32_BIT_CONVERSION = YES;
				GCC_WARN_ABOUT_RETURN_TYPE = YES_ERROR;
				GCC_WARN_UNDECLARED_SELECTOR = YES;
				GCC_WARN_UNINITIALIZED_AUTOS = YES_AGGRESSIVE;
				GCC_WARN_UNUSED_FUNCTION = YES;
				GCC_WARN_UNUSED_VARIABLE = YES;
				LOCALIZATION_PREFERS_STRING_CATALOGS = YES;
				MACOSX_DEPLOYMENT_TARGET = 15.2;
				MTL_ENABLE_DEBUG_INFO = INCLUDE_SOURCE;
				MTL_FAST_MATH = YES;
				ONLY_ACTIVE_ARCH = YES;
				SDKROOT = macosx;
				SWIFT_ACTIVE_COMPILATION_CONDITIONS = "DEBUG $(inherited)";
				SWIFT_OPTIMIZATION_LEVEL = "-Onone";
			};
			name = Debug;
		};
		759C37FC2D9E75860054CBE8 /* Release */ = {
			isa = XCBuildConfiguration;
			buildSettings = {
				ALWAYS_SEARCH_USER_PATHS = NO;
				ASSETCATALOG_COMPILER_GENERATE_SWIFT_ASSET_SYMBOL_EXTENSIONS = YES;
				CLANG_ANALYZER_NONNULL = YES;
				CLANG_ANALYZER_NUMBER_OBJECT_CONVERSION = YES_AGGRESSIVE;
				CLANG_CXX_LANGUAGE_STANDARD = "gnu++20";
				CLANG_ENABLE_MODULES = YES;
				CLANG_ENABLE_OBJC_ARC = YES;
				CLANG_ENABLE_OBJC_WEAK = YES;
				CLANG_WARN_BLOCK_CAPTURE_AUTORELEASING = YES;
				CLANG_WARN_BOOL_CONVERSION = YES;
				CLANG_WARN_COMMA = YES;
				CLANG_WARN_CONSTANT_CONVERSION = YES;
				CLANG_WARN_DEPRECATED_OBJC_IMPLEMENTATIONS = YES;
				CLANG_WARN_DIRECT_OBJC_ISA_USAGE = YES_ERROR;
				CLANG_WARN_DOCUMENTATION_COMMENTS = YES;
				CLANG_WARN_EMPTY_BODY = YES;
				CLANG_WARN_ENUM_CONVERSION = YES;
				CLANG_WARN_INFINITE_RECURSION = YES;
				CLANG_WARN_INT_CONVERSION = YES;
				CLANG_WARN_NON_LITERAL_NULL_CONVERSION = YES;
				CLANG_WARN_OBJC_IMPLICIT_RETAIN_SELF = YES;
				CLANG_WARN_OBJC_LITERAL_CONVERSION = YES;
				CLANG_WARN_OBJC_ROOT_CLASS = YES_ERROR;
				CLANG_WARN_QUOTED_INCLUDE_IN_FRAMEWORK_HEADER = YES;
				CLANG_WARN_RANGE_LOOP_ANALYSIS = YES;
				CLANG_WARN_STRICT_PROTOTYPES = YES;
				CLANG_WARN_SUSPICIOUS_MOVE = YES;
				CLANG_WARN_UNGUARDED_AVAILABILITY = YES_AGGRESSIVE;
				CLANG_WARN_UNREACHABLE_CODE = YES;
				CLANG_WARN__DUPLICATE_METHOD_MATCH = YES;
				COPY_PHASE_STRIP = NO;
				DEBUG_INFORMATION_FORMAT = "dwarf-with-dsym";
				ENABLE_NS_ASSERTIONS = NO;
				ENABLE_STRICT_OBJC_MSGSEND = YES;
				ENABLE_USER_SCRIPT_SANDBOXING = YES;
				GCC_C_LANGUAGE_STANDARD = gnu17;
				GCC_NO_COMMON_BLOCKS = YES;
				GCC_WARN_64_TO_32_BIT_CONVERSION = YES;
				GCC_WARN_ABOUT_RETURN_TYPE = YES_ERROR;
				GCC_WARN_UNDECLARED_SELECTOR = YES;
				GCC_WARN_UNINITIALIZED_AUTOS = YES_AGGRESSIVE;
				GCC_WARN_UNUSED_FUNCTION = YES;
				GCC_WARN_UNUSED_VARIABLE = YES;
				LOCALIZATION_PREFERS_STRING_CATALOGS = YES;
				MACOSX_DEPLOYMENT_TARGET = 15.2;
				MTL_ENABLE_DEBUG_INFO = NO;
				MTL_FAST_MATH = YES;
				SDKROOT = macosx;
				SWIFT_COMPILATION_MODE = wholemodule;
			};
			name = Release;
		};
		759C37FE2D9E75860054CBE8 /* Debug */ = {
			isa = XCBuildConfiguration;
			buildSettings = {
				ASSETCATALOG_COMPILER_APPICON_NAME = AppIcon;
				ASSETCATALOG_COMPILER_GLOBAL_ACCENT_COLOR_NAME = AccentColor;
				CODE_SIGN_ENTITLEMENTS = KiwiFitting/KiwiFitting.entitlements;
				CODE_SIGN_STYLE = Automatic;
				COMBINE_HIDPI_IMAGES = YES;
				CURRENT_PROJECT_VERSION = 1;
				DEVELOPMENT_ASSET_PATHS = "\"KiwiFitting/Preview Content\"";
				DEVELOPMENT_TEAM = 5KP38NQP6R;
				ENABLE_HARDENED_RUNTIME = NO;
				ENABLE_PREVIEWS = YES;
				GENERATE_INFOPLIST_FILE = YES;
				INFOPLIST_KEY_NSHumanReadableCopyright = "";
				LD_RUNPATH_SEARCH_PATHS = (
					"$(inherited)",
					"@executable_path/../Frameworks",
				);
				MACOSX_DEPLOYMENT_TARGET = 15.0;
				MARKETING_VERSION = 1.0;
				PRODUCT_BUNDLE_IDENTIFIER = de.somekiwi.KiwiFitting;
				PRODUCT_NAME = "$(TARGET_NAME)";
				SWIFT_EMIT_LOC_STRINGS = YES;
				SWIFT_VERSION = 5.0;
			};
			name = Debug;
		};
		759C37FF2D9E75860054CBE8 /* Release */ = {
			isa = XCBuildConfiguration;
			buildSettings = {
				ASSETCATALOG_COMPILER_APPICON_NAME = AppIcon;
				ASSETCATALOG_COMPILER_GLOBAL_ACCENT_COLOR_NAME = AccentColor;
				CODE_SIGN_ENTITLEMENTS = KiwiFitting/KiwiFitting.entitlements;
				CODE_SIGN_STYLE = Automatic;
				COMBINE_HIDPI_IMAGES = YES;
				CURRENT_PROJECT_VERSION = 1;
				DEVELOPMENT_ASSET_PATHS = "\"KiwiFitting/Preview Content\"";
				DEVELOPMENT_TEAM = 5KP38NQP6R;
				ENABLE_HARDENED_RUNTIME = NO;
				ENABLE_PREVIEWS = YES;
				GENERATE_INFOPLIST_FILE = YES;
				INFOPLIST_KEY_NSHumanReadableCopyright = "";
				LD_RUNPATH_SEARCH_PATHS = (
					"$(inherited)",
					"@executable_path/../Frameworks",
				);
				MACOSX_DEPLOYMENT_TARGET = 15.0;
				MARKETING_VERSION = 1.0;
				PRODUCT_BUNDLE_IDENTIFIER = de.somekiwi.KiwiFitting;
				PRODUCT_NAME = "$(TARGET_NAME)";
				SWIFT_EMIT_LOC_STRINGS = YES;
				SWIFT_VERSION = 5.0;
			};
			name = Release;
		};
		759C38012D9E75860054CBE8 /* Debug */ = {
			isa = XCBuildConfiguration;
			buildSettings = {
				BUNDLE_LOADER = "$(TEST_HOST)";
				CODE_SIGN_STYLE = Automatic;
				CURRENT_PROJECT_VERSION = 1;
				DEVELOPMENT_TEAM = 5KP38NQP6R;
				GENERATE_INFOPLIST_FILE = YES;
				MACOSX_DEPLOYMENT_TARGET = 15.0;
				MARKETING_VERSION = 1.0;
				PRODUCT_BUNDLE_IDENTIFIER = de.somekiwi.KiwiFittingTests;
				PRODUCT_NAME = "$(TARGET_NAME)";
				SWIFT_EMIT_LOC_STRINGS = NO;
				SWIFT_VERSION = 5.0;
				TEST_HOST = "$(BUILT_PRODUCTS_DIR)/KiwiFitting.app/$(BUNDLE_EXECUTABLE_FOLDER_PATH)/KiwiFitting";
			};
			name = Debug;
		};
		759C38022D9E75860054CBE8 /* Release */ = {
			isa = XCBuildConfiguration;
			buildSettings = {
				BUNDLE_LOADER = "$(TEST_HOST)";
				CODE_SIGN_STYLE = Automatic;
				CURRENT_PROJECT_VERSION = 1;
				DEVELOPMENT_TEAM = 5KP38NQP6R;
				GENERATE_INFOPLIST_FILE = YES;
				MACOSX_DEPLOYMENT_TARGET = 15.0;
				MARKETING_VERSION = 1.0;
				PRODUCT_BUNDLE_IDENTIFIER = de.somekiwi.KiwiFittingTests;
				PRODUCT_NAME = "$(TARGET_NAME)";
				SWIFT_EMIT_LOC_STRINGS = NO;
				SWIFT_VERSION = 5.0;
				TEST_HOST = "$(BUILT_PRODUCTS_DIR)/KiwiFitting.app/$(BUNDLE_EXECUTABLE_FOLDER_PATH)/KiwiFitting";
			};
			name = Release;
		};
		759C38042D9E75860054CBE8 /* Debug */ = {
			isa = XCBuildConfiguration;
			buildSettings = {
				CODE_SIGN_STYLE = Automatic;
				CURRENT_PROJECT_VERSION = 1;
				DEVELOPMENT_TEAM = 5KP38NQP6R;
				GENERATE_INFOPLIST_FILE = YES;
				MARKETING_VERSION = 1.0;
				PRODUCT_BUNDLE_IDENTIFIER = de.somekiwi.KiwiFittingUITests;
				PRODUCT_NAME = "$(TARGET_NAME)";
				SWIFT_EMIT_LOC_STRINGS = NO;
				SWIFT_VERSION = 5.0;
				TEST_TARGET_NAME = KiwiFitting;
			};
			name = Debug;
		};
		759C38052D9E75860054CBE8 /* Release */ = {
			isa = XCBuildConfiguration;
			buildSettings = {
				CODE_SIGN_STYLE = Automatic;
				CURRENT_PROJECT_VERSION = 1;
				DEVELOPMENT_TEAM = 5KP38NQP6R;
				GENERATE_INFOPLIST_FILE = YES;
				MARKETING_VERSION = 1.0;
				PRODUCT_BUNDLE_IDENTIFIER = de.somekiwi.KiwiFittingUITests;
				PRODUCT_NAME = "$(TARGET_NAME)";
				SWIFT_EMIT_LOC_STRINGS = NO;
				SWIFT_VERSION = 5.0;
				TEST_TARGET_NAME = KiwiFitting;
			};
			name = Release;
		};
/* End XCBuildConfiguration section */

/* Begin XCConfigurationList section */
		759C37D12D9E75840054CBE8 /* Build configuration list for PBXProject "KiwiFitting" */ = {
			isa = XCConfigurationList;
			buildConfigurations = (
				759C37FB2D9E75860054CBE8 /* Debug */,
				759C37FC2D9E75860054CBE8 /* Release */,
			);
			defaultConfigurationIsVisible = 0;
			defaultConfigurationName = Release;
		};
		759C37FD2D9E75860054CBE8 /* Build configuration list for PBXNativeTarget "KiwiFitting" */ = {
			isa = XCConfigurationList;
			buildConfigurations = (
				759C37FE2D9E75860054CBE8 /* Debug */,
				759C37FF2D9E75860054CBE8 /* Release */,
			);
			defaultConfigurationIsVisible = 0;
			defaultConfigurationName = Release;
		};
		759C38002D9E75860054CBE8 /* Build configuration list for PBXNativeTarget "KiwiFittingTests" */ = {
			isa = XCConfigurationList;
			buildConfigurations = (
				759C38012D9E75860054CBE8 /* Debug */,
				759C38022D9E75860054CBE8 /* Release */,
			);
			defaultConfigurationIsVisible = 0;
			defaultConfigurationName = Release;
		};
		759C38032D9E75860054CBE8 /* Build configuration list for PBXNativeTarget "KiwiFittingUITests" */ = {
			isa = XCConfigurationList;
			buildConfigurations = (
				759C38042D9E75860054CBE8 /* Debug */,
				759C38052D9E75860054CBE8 /* Release */,
			);
			defaultConfigurationIsVisible = 0;
			defaultConfigurationName = Release;
		};
/* End XCConfigurationList section */

/* Begin XCLocalSwiftPackageReference section */
		759C382D2D9ED14F0054CBE8 /* XCLocalSwiftPackageReference "../SwiftESI" */ = {
			isa = XCLocalSwiftPackageReference;
			relativePath = ../SwiftESI;
		};
/* End XCLocalSwiftPackageReference section */

/* Begin XCSwiftPackageProductDependency section */
		759C382E2D9ED14F0054CBE8 /* SwiftESI */ = {
			isa = XCSwiftPackageProductDependency;
			productName = SwiftESI;
		};
/* End XCSwiftPackageProductDependency section */
	};
	rootObject = 759C37CE2D9E75840054CBE8 /* Project object */;
}
